
Microsoft Visual Studio Solution File, Format Version 12.00
# Visual Studio Version 16
VisualStudioVersion = 16.0.31515.178
MinimumVisualStudioVersion = 10.0.40219.1
Project("{FAE04EC0-301F-11D3-BF4B-00C04F79EFBC}") = "Inyecciones", "Inyecciones\Inyecciones.csproj", "{A37C5BB1-576A-4B83-8F9A-DC256DE0975B}"
EndProject
Global
	GlobalSection(SolutionConfigurationPlatforms) = preSolution
		Debug|Any CPU = Debug|Any CPU
		Release|Any CPU = Release|Any CPU
	EndGlobalSection
	GlobalSection(ProjectConfigurationPlatforms) = postSolution
		{A37C5BB1-576A-4B83-8F9A-DC256DE0975B}.Debug|Any CPU.ActiveCfg = Debug|Any CPU
		{A37C5BB1-576A-4B83-8F9A-DC256DE0975B}.Debug|Any CPU.Build.0 = Debug|Any CPU
		{A37C5BB1-576A-4B83-8F9A-DC256DE0975B}.Release|Any CPU.ActiveCfg = Release|Any CPU
		{A37C5BB1-576A-4B83-8F9A-DC256DE0975B}.Release|Any CPU.Build.0 = Release|Any CPU
	EndGlobalSection
	GlobalSection(SolutionProperties) = preSolution
		HideSolutionNode = FALSE
	EndGlobalSection
	GlobalSection(ExtensibilityGlobals) = postSolution
		SolutionGuid = {89E93103-47B8-4F05-AD7C-3E727F1746B7}
	EndGlobalSection
EndGlobal
